
Microsoft Visual Studio Solution File, Format Version 12.00
Project("{FAE04EC0-301F-11D3-BF4B-00C04F79EFBC}") = "TaskManagementSystem", "TaskManagementSystem\TaskManagementSystem.csproj", "{EA56533D-C38C-4094-AAEA-CD9FD7F25367}"
EndProject
Project("{FAE04EC0-301F-11D3-BF4B-00C04F79EFBC}") = "TaskManagementSystem.Domain", "TaskManagementSystem.Domain\TaskManagementSystem.Domain.csproj", "{80BD8D55-493A-4A48-99B9-CABEDA65BB5C}"
EndProject
Project("{FAE04EC0-301F-11D3-BF4B-00C04F79EFBC}") = "TaskManagementSystem.Application", "TaskManagementSystem.Application\TaskManagementSystem.Application.csproj", "{584C578D-4E48-4DD9-9674-F1DD08CF3D98}"
EndProject
Project("{FAE04EC0-301F-11D3-BF4B-00C04F79EFBC}") = "TaskManagementSystem.Infrastructure", "TaskManagementSystem.Infrastructure\TaskManagementSystem.Infrastructure.csproj", "{2F6F773D-F3C6-4440-9ED6-6DAF7DFCB018}"
EndProject
Project("{FAE04EC0-301F-11D3-BF4B-00C04F79EFBC}") = "TaskManagementSystem.Api.Consumer", "TaskManagementSystem.Api.Consumer\TaskManagementSystem.Api.Consumer.csproj", "{43C3C917-2C99-403E-AAEF-DFCAEC2B0F86}"
EndProject
Project("{2150E333-8FDC-42A3-9474-1A3956D46DE8}") = "Tests", "Tests", "{A2B9B19D-22BF-4C19-B33A-2E31CAB0D5FE}"
EndProject
Project("{FAE04EC0-301F-11D3-BF4B-00C04F79EFBC}") = "TaskManagementSystem.Application.UnitTests", "Tests\TaskManagementSystem.Application.UnitTests\TaskManagementSystem.Application.UnitTests.csproj", "{A9333E50-3C8C-40C6-A344-411A9F62BF1A}"
EndProject
Global
	GlobalSection(SolutionConfigurationPlatforms) = preSolution
		Debug|Any CPU = Debug|Any CPU
		Release|Any CPU = Release|Any CPU
	EndGlobalSection
	GlobalSection(ProjectConfigurationPlatforms) = postSolution
		{EA56533D-C38C-4094-AAEA-CD9FD7F25367}.Debug|Any CPU.ActiveCfg = Debug|Any CPU
		{EA56533D-C38C-4094-AAEA-CD9FD7F25367}.Debug|Any CPU.Build.0 = Debug|Any CPU
		{EA56533D-C38C-4094-AAEA-CD9FD7F25367}.Release|Any CPU.ActiveCfg = Release|Any CPU
		{EA56533D-C38C-4094-AAEA-CD9FD7F25367}.Release|Any CPU.Build.0 = Release|Any CPU
		{80BD8D55-493A-4A48-99B9-CABEDA65BB5C}.Debug|Any CPU.ActiveCfg = Debug|Any CPU
		{80BD8D55-493A-4A48-99B9-CABEDA65BB5C}.Debug|Any CPU.Build.0 = Debug|Any CPU
		{80BD8D55-493A-4A48-99B9-CABEDA65BB5C}.Release|Any CPU.ActiveCfg = Release|Any CPU
		{80BD8D55-493A-4A48-99B9-CABEDA65BB5C}.Release|Any CPU.Build.0 = Release|Any CPU
		{584C578D-4E48-4DD9-9674-F1DD08CF3D98}.Debug|Any CPU.ActiveCfg = Debug|Any CPU
		{584C578D-4E48-4DD9-9674-F1DD08CF3D98}.Debug|Any CPU.Build.0 = Debug|Any CPU
		{584C578D-4E48-4DD9-9674-F1DD08CF3D98}.Release|Any CPU.ActiveCfg = Release|Any CPU
		{584C578D-4E48-4DD9-9674-F1DD08CF3D98}.Release|Any CPU.Build.0 = Release|Any CPU
		{2F6F773D-F3C6-4440-9ED6-6DAF7DFCB018}.Debug|Any CPU.ActiveCfg = Debug|Any CPU
		{2F6F773D-F3C6-4440-9ED6-6DAF7DFCB018}.Debug|Any CPU.Build.0 = Debug|Any CPU
		{2F6F773D-F3C6-4440-9ED6-6DAF7DFCB018}.Release|Any CPU.ActiveCfg = Release|Any CPU
		{2F6F773D-F3C6-4440-9ED6-6DAF7DFCB018}.Release|Any CPU.Build.0 = Release|Any CPU
		{43C3C917-2C99-403E-AAEF-DFCAEC2B0F86}.Debug|Any CPU.ActiveCfg = Debug|Any CPU
		{43C3C917-2C99-403E-AAEF-DFCAEC2B0F86}.Debug|Any CPU.Build.0 = Debug|Any CPU
		{43C3C917-2C99-403E-AAEF-DFCAEC2B0F86}.Release|Any CPU.ActiveCfg = Release|Any CPU
		{43C3C917-2C99-403E-AAEF-DFCAEC2B0F86}.Release|Any CPU.Build.0 = Release|Any CPU
		{A9333E50-3C8C-40C6-A344-411A9F62BF1A}.Debug|Any CPU.ActiveCfg = Debug|Any CPU
		{A9333E50-3C8C-40C6-A344-411A9F62BF1A}.Debug|Any CPU.Build.0 = Debug|Any CPU
		{A9333E50-3C8C-40C6-A344-411A9F62BF1A}.Release|Any CPU.ActiveCfg = Release|Any CPU
		{A9333E50-3C8C-40C6-A344-411A9F62BF1A}.Release|Any CPU.Build.0 = Release|Any CPU
	EndGlobalSection
	GlobalSection(NestedProjects) = preSolution
		{A9333E50-3C8C-40C6-A344-411A9F62BF1A} = {A2B9B19D-22BF-4C19-B33A-2E31CAB0D5FE}
	EndGlobalSection
EndGlobal
